<Solution>
  <Project Path="HexLib\HexLib.csproj" />
  <Project Path="HexLib.Tests\HexLib.Tests.csproj" />
  <Project Path="HexLibConsole\HexLibConsole.csproj" />
  <Project Path="ASL\ASL.csproj" />
  <Project Path="ASL.Tests\ASL.Tests.csproj" />
  <Project Path="ASLInputTool\ASLInputTool.csproj" />
</Solution>
